
Microsoft Visual Studio Solution File, Format Version 12.00
# Visual Studio Version 17
VisualStudioVersion = 17.1.32407.343
MinimumVisualStudioVersion = 10.0.40219.1
Project("{FAE04EC0-301F-11D3-BF4B-00C04F79EFBC}") = "ConsoleApp91", "ConsoleApp91\ConsoleApp91.csproj", "{F7AB3834-25A2-4FE8-B92F-D6779CB03A94}"
EndProject
Global
	GlobalSection(SolutionConfigurationPlatforms) = preSolution
		Debug|Any CPU = Debug|Any CPU
		Release|Any CPU = Release|Any CPU
	EndGlobalSection
	GlobalSection(ProjectConfigurationPlatforms) = postSolution
		{F7AB3834-25A2-4FE8-B92F-D6779CB03A94}.Debug|Any CPU.ActiveCfg = Debug|Any CPU
		{F7AB3834-25A2-4FE8-B92F-D6779CB03A94}.Debug|Any CPU.Build.0 = Debug|Any CPU
		{F7AB3834-25A2-4FE8-B92F-D6779CB03A94}.Release|Any CPU.ActiveCfg = Release|Any CPU
		{F7AB3834-25A2-4FE8-B92F-D6779CB03A94}.Release|Any CPU.Build.0 = Release|Any CPU
	EndGlobalSection
	GlobalSection(SolutionProperties) = preSolution
		HideSolutionNode = FALSE
	EndGlobalSection
	GlobalSection(ExtensibilityGlobals) = postSolution
		SolutionGuid = {10072F22-7339-45DE-A5EC-E3610F8ECFD7}
	EndGlobalSection
EndGlobal
